// !$*UTF8*$!
{
	archiveVersion = 1;
	classes = {
	};
	objectVersion = 55;
	objects = {

/* Begin PBXBuildFile section */
		C329A746289D544D000C3EAE /* AppDelegate.swift in Sources */ = {isa = PBXBuildFile; fileRef = C329A745289D544D000C3EAE /* AppDelegate.swift */; };
		C329A748289D544D000C3EAE /* SceneDelegate.swift in Sources */ = {isa = PBXBuildFile; fileRef = C329A747289D544D000C3EAE /* SceneDelegate.swift */; };
		C329A74A289D544D000C3EAE /* SignIn.swift in Sources */ = {isa = PBXBuildFile; fileRef = C329A749289D544D000C3EAE /* SignIn.swift */; };
		C329A74D289D544D000C3EAE /* Main.storyboard in Resources */ = {isa = PBXBuildFile; fileRef = C329A74B289D544D000C3EAE /* Main.storyboard */; };
		C329A74F289D544F000C3EAE /* Assets.xcassets in Resources */ = {isa = PBXBuildFile; fileRef = C329A74E289D544F000C3EAE /* Assets.xcassets */; };
		C329A752289D544F000C3EAE /* LaunchScreen.storyboard in Resources */ = {isa = PBXBuildFile; fileRef = C329A750289D544F000C3EAE /* LaunchScreen.storyboard */; };
		C329A75A289D5B3F000C3EAE /* NewAccount.swift in Sources */ = {isa = PBXBuildFile; fileRef = C329A759289D5B3F000C3EAE /* NewAccount.swift */; };
		C329A75D289D6C0A000C3EAE /* IndieFlower-Regular.ttf in Resources */ = {isa = PBXBuildFile; fileRef = C329A75C289D6C0A000C3EAE /* IndieFlower-Regular.ttf */; };
		C329A75F289E93CD000C3EAE /* PirataOne-Regular.ttf in Resources */ = {isa = PBXBuildFile; fileRef = C329A75E289E93CD000C3EAE /* PirataOne-Regular.ttf */; };
/* End PBXBuildFile section */

/* Begin PBXFileReference section */
		C329A742289D544D000C3EAE /* Tasarim.app */ = {isa = PBXFileReference; explicitFileType = wrapper.application; includeInIndex = 0; path = Tasarim.app; sourceTree = BUILT_PRODUCTS_DIR; };
		C329A745289D544D000C3EAE /* AppDelegate.swift */ = {isa = PBXFileReference; lastKnownFileType = sourcecode.swift; path = AppDelegate.swift; sourceTree = "<group>"; };
		C329A747289D544D000C3EAE /* SceneDelegate.swift */ = {isa = PBXFileReference; lastKnownFileType = sourcecode.swift; path = SceneDelegate.swift; sourceTree = "<group>"; };
		C329A749289D544D000C3EAE /* SignIn.swift */ = {isa = PBXFileReference; lastKnownFileType = sourcecode.swift; path = SignIn.swift; sourceTree = "<group>"; };
		C329A74C289D544D000C3EAE /* Base */ = {isa = PBXFileReference; lastKnownFileType = file.storyboard; name = Base; path = Base.lproj/Main.storyboard; sourceTree = "<group>"; };
		C329A74E289D544F000C3EAE /* Assets.xcassets */ = {isa = PBXFileReference; lastKnownFileType = folder.assetcatalog; path = Assets.xcassets; sourceTree = "<group>"; };
		C329A751289D544F000C3EAE /* Base */ = {isa = PBXFileReference; lastKnownFileType = file.storyboard; name = Base; path = Base.lproj/LaunchScreen.storyboard; sourceTree = "<group>"; };
		C329A753289D544F000C3EAE /* Info.plist */ = {isa = PBXFileReference; lastKnownFileType = text.plist.xml; path = Info.plist; sourceTree = "<group>"; };
		C329A759289D5B3F000C3EAE /* NewAccount.swift */ = {isa = PBXFileReference; lastKnownFileType = sourcecode.swift; path = NewAccount.swift; sourceTree = "<group>"; };
		C329A75C289D6C0A000C3EAE /* IndieFlower-Regular.ttf */ = {isa = PBXFileReference; lastKnownFileType = file; path = "IndieFlower-Regular.ttf"; sourceTree = "<group>"; };
		C329A75E289E93CD000C3EAE /* PirataOne-Regular.ttf */ = {isa = PBXFileReference; lastKnownFileType = file; path = "PirataOne-Regular.ttf"; sourceTree = "<group>"; };
/* End PBXFileReference section */

/* Begin PBXFrameworksBuildPhase section */
		C329A73F289D544D000C3EAE /* Frameworks */ = {
			isa = PBXFrameworksBuildPhase;
			buildActionMask = 2147483647;
			files = (
			);
			runOnlyForDeploymentPostprocessing = 0;
		};
/* End PBXFrameworksBuildPhase section */

/* Begin PBXGroup section */
		C329A739289D544D000C3EAE = {
			isa = PBXGroup;
			children = (
				C329A744289D544D000C3EAE /* Tasarim */,
				C329A743289D544D000C3EAE /* Products */,
			);
			sourceTree = "<group>";
		};
		C329A743289D544D000C3EAE /* Products */ = {
			isa = PBXGroup;
			children = (
				C329A742289D544D000C3EAE /* Tasarim.app */,
			);
			name = Products;
			sourceTree = "<group>";
		};
		C329A744289D544D000C3EAE /* Tasarim */ = {
			isa = PBXGroup;
			children = (
				C329A745289D544D000C3EAE /* AppDelegate.swift */,
				C329A747289D544D000C3EAE /* SceneDelegate.swift */,
				C329A749289D544D000C3EAE /* SignIn.swift */,
				C329A759289D5B3F000C3EAE /* NewAccount.swift */,
				C329A74B289D544D000C3EAE /* Main.storyboard */,
				C329A74E289D544F000C3EAE /* Assets.xcassets */,
				C329A750289D544F000C3EAE /* LaunchScreen.storyboard */,
				C329A753289D544F000C3EAE /* Info.plist */,
				C329A75B289D6A07000C3EAE /* Fonts */,
			);
			path = Tasarim;
			sourceTree = "<group>";
		};
		C329A75B289D6A07000C3EAE /* Fonts */ = {
			isa = PBXGroup;
			children = (
				C329A75C289D6C0A000C3EAE /* IndieFlower-Regular.ttf */,
				C329A75E289E93CD000C3EAE /* PirataOne-Regular.ttf */,
			);
			path = Fonts;
			sourceTree = "<group>";
		};
/* End PBXGroup section */

/* Begin PBXNativeTarget section */
		C329A741289D544D000C3EAE /* Tasarim */ = {
			isa = PBXNativeTarget;
			buildConfigurationList = C329A756289D544F000C3EAE /* Build configuration list for PBXNativeTarget "Tasarim" */;
			buildPhases = (
				C329A73E289D544D000C3EAE /* Sources */,
				C329A73F289D544D000C3EAE /* Frameworks */,
				C329A740289D544D000C3EAE /* Resources */,
			);
			buildRules = (
			);
			dependencies = (
			);
			name = Tasarim;
			productName = Tasarim;
			productReference = C329A742289D544D000C3EAE /* Tasarim.app */;
			productType = "com.apple.product-type.application";
		};
/* End PBXNativeTarget section */

/* Begin PBXProject section */
		C329A73A289D544D000C3EAE /* Project object */ = {
			isa = PBXProject;
			attributes = {
				BuildIndependentTargetsInParallel = 1;
				LastSwiftUpdateCheck = 1340;
				LastUpgradeCheck = 1340;
				TargetAttributes = {
					C329A741289D544D000C3EAE = {
						CreatedOnToolsVersion = 13.4.1;
					};
				};
			};
			buildConfigurationList = C329A73D289D544D000C3EAE /* Build configuration list for PBXProject "Tasarim" */;
			compatibilityVersion = "Xcode 13.0";
			developmentRegion = en;
			hasScannedForEncodings = 0;
			knownRegions = (
				en,
				Base,
			);
			mainGroup = C329A739289D544D000C3EAE;
			productRefGroup = C329A743289D544D000C3EAE /* Products */;
			projectDirPath = "";
			projectRoot = "";
			targets = (
				C329A741289D544D000C3EAE /* Tasarim */,
			);
		};
/* End PBXProject section */

/* Begin PBXResourcesBuildPhase section */
		C329A740289D544D000C3EAE /* Resources */ = {
			isa = PBXResourcesBuildPhase;
			buildActionMask = 2147483647;
			files = (
				C329A75F289E93CD000C3EAE /* PirataOne-Regular.ttf in Resources */,
				C329A752289D544F000C3EAE /* LaunchScreen.storyboard in Resources */,
				C329A74F289D544F000C3EAE /* Assets.xcassets in Resources */,
				C329A75D289D6C0A000C3EAE /* IndieFlower-Regular.ttf in Resources */,
				C329A74D289D544D000C3EAE /* Main.storyboard in Resources */,
			);
			runOnlyForDeploymentPostprocessing = 0;
		};
/* End PBXResourcesBuildPhase section */

/* Begin PBXSourcesBuildPhase section */
		C329A73E289D544D000C3EAE /* Sources */ = {
			isa = PBXSourcesBuildPhase;
			buildActionMask = 2147483647;
			files = (
				C329A74A289D544D000C3EAE /* SignIn.swift in Sources */,
				C329A746289D544D000C3EAE /* AppDelegate.swift in Sources */,
				C329A75A289D5B3F000C3EAE /* NewAccount.swift in Sources */,
				C329A748289D544D000C3EAE /* SceneDelegate.swift in Sources */,
			);
			runOnlyForDeploymentPostprocessing = 0;
		};
/* End PBXSourcesBuildPhase section */

/* Begin PBXVariantGroup section */
		C329A74B289D544D000C3EAE /* Main.storyboard */ = {
			isa = PBXVariantGroup;
			children = (
				C329A74C289D544D000C3EAE /* Base */,
			);
			name = Main.storyboard;
			sourceTree = "<group>";
		};
		C329A750289D544F000C3EAE /* LaunchScreen.storyboard */ = {
			isa = PBXVariantGroup;
			children = (
				C329A751289D544F000C3EAE /* Base */,
			);
			name = LaunchScreen.storyboard;
			sourceTree = "<group>";
		};
/* End PBXVariantGroup section */

/* Begin XCBuildConfiguration section */
		C329A754289D544F000C3EAE /* Debug */ = {
			isa = XCBuildConfiguration;
			buildSettings = {
				ALWAYS_SEARCH_USER_PATHS = NO;
				CLANG_ANALYZER_NONNULL = YES;
				CLANG_ANALYZER_NUMBER_OBJECT_CONVERSION = YES_AGGRESSIVE;
				CLANG_CXX_LANGUAGE_STANDARD = "gnu++17";
				CLANG_ENABLE_MODULES = YES;
				CLANG_ENABLE_OBJC_ARC = YES;
				CLANG_ENABLE_OBJC_WEAK = YES;
				CLANG_WARN_BLOCK_CAPTURE_AUTORELEASING = YES;
				CLANG_WARN_BOOL_CONVERSION = YES;
				CLANG_WARN_COMMA = YES;
				CLANG_WARN_CONSTANT_CONVERSION = YES;
				CLANG_WARN_DEPRECATED_OBJC_IMPLEMENTATIONS = YES;
				CLANG_WARN_DIRECT_OBJC_ISA_USAGE = YES_ERROR;
				CLANG_WARN_DOCUMENTATION_COMMENTS = YES;
				CLANG_WARN_EMPTY_BODY = YES;
				CLANG_WARN_ENUM_CONVERSION = YES;
				CLANG_WARN_INFINITE_RECURSION = YES;
				CLANG_WARN_INT_CONVERSION = YES;
				CLANG_WARN_NON_LITERAL_NULL_CONVERSION = YES;
				CLANG_WARN_OBJC_IMPLICIT_RETAIN_SELF = YES;
				CLANG_WARN_OBJC_LITERAL_CONVERSION = YES;
				CLANG_WARN_OBJC_ROOT_CLASS = YES_ERROR;
				CLANG_WARN_QUOTED_INCLUDE_IN_FRAMEWORK_HEADER = YES;
				CLANG_WARN_RANGE_LOOP_ANALYSIS = YES;
				CLANG_WARN_STRICT_PROTOTYPES = YES;
				CLANG_WARN_SUSPICIOUS_MOVE = YES;
				CLANG_WARN_UNGUARDED_AVAILABILITY = YES_AGGRESSIVE;
				CLANG_WARN_UNREACHABLE_CODE = YES;
				CLANG_WARN__DUPLICATE_METHOD_MATCH = YES;
				COPY_PHASE_STRIP = NO;
				DEBUG_INFORMATION_FORMAT = dwarf;
				ENABLE_STRICT_OBJC_MSGSEND = YES;
				ENABLE_TESTABILITY = YES;
				GCC_C_LANGUAGE_STANDARD = gnu11;
				GCC_DYNAMIC_NO_PIC = NO;
				GCC_NO_COMMON_BLOCKS = YES;
				GCC_OPTIMIZATION_LEVEL = 0;
				GCC_PREPROCESSOR_DEFINITIONS = (
					"DEBUG=1",
					"$(inherited)",
				);
				GCC_WARN_64_TO_32_BIT_CONVERSION = YES;
				GCC_WARN_ABOUT_RETURN_TYPE = YES_ERROR;
				GCC_WARN_UNDECLARED_SELECTOR = YES;
				GCC_WARN_UNINITIALIZED_AUTOS = YES_AGGRESSIVE;
				GCC_WARN_UNUSED_FUNCTION = YES;
				GCC_WARN_UNUSED_VARIABLE = YES;
				IPHONEOS_DEPLOYMENT_TARGET = 15.5;
				MTL_ENABLE_DEBUG_INFO = INCLUDE_SOURCE;
				MTL_FAST_MATH = YES;
				ONLY_ACTIVE_ARCH = YES;
				SDKROOT = iphoneos;
				SWIFT_ACTIVE_COMPILATION_CONDITIONS = DEBUG;
				SWIFT_OPTIMIZATION_LEVEL = "-Onone";
			};
			name = Debug;
		};
		C329A755289D544F000C3EAE /* Release */ = {
			isa = XCBuildConfiguration;
			buildSettings = {
				ALWAYS_SEARCH_USER_PATHS = NO;
				CLANG_ANALYZER_NONNULL = YES;
				CLANG_ANALYZER_NUMBER_OBJECT_CONVERSION = YES_AGGRESSIVE;
				CLANG_CXX_LANGUAGE_STANDARD = "gnu++17";
				CLANG_ENABLE_MODULES = YES;
				CLANG_ENABLE_OBJC_ARC = YES;
				CLANG_ENABLE_OBJC_WEAK = YES;
				CLANG_WARN_BLOCK_CAPTURE_AUTORELEASING = YES;
				CLANG_WARN_BOOL_CONVERSION = YES;
				CLANG_WARN_COMMA = YES;
				CLANG_WARN_CONSTANT_CONVERSION = YES;
				CLANG_WARN_DEPRECATED_OBJC_IMPLEMENTATIONS = YES;
				CLANG_WARN_DIRECT_OBJC_ISA_USAGE = YES_ERROR;
				CLANG_WARN_DOCUMENTATION_COMMENTS = YES;
				CLANG_WARN_EMPTY_BODY = YES;
				CLANG_WARN_ENUM_CONVERSION = YES;
				CLANG_WARN_INFINITE_RECURSION = YES;
				CLANG_WARN_INT_CONVERSION = YES;
				CLANG_WARN_NON_LITERAL_NULL_CONVERSION = YES;
				CLANG_WARN_OBJC_IMPLICIT_RETAIN_SELF = YES;
				CLANG_WARN_OBJC_LITERAL_CONVERSION = YES;
				CLANG_WARN_OBJC_ROOT_CLASS = YES_ERROR;
				CLANG_WARN_QUOTED_INCLUDE_IN_FRAMEWORK_HEADER = YES;
				CLANG_WARN_RANGE_LOOP_ANALYSIS = YES;
				CLANG_WARN_STRICT_PROTOTYPES = YES;
				CLANG_WARN_SUSPICIOUS_MOVE = YES;
				CLANG_WARN_UNGUARDED_AVAILABILITY = YES_AGGRESSIVE;
				CLANG_WARN_UNREACHABLE_CODE = YES;
				CLANG_WARN__DUPLICATE_METHOD_MATCH = YES;
				COPY_PHASE_STRIP = NO;
				DEBUG_INFORMATION_FORMAT = "dwarf-with-dsym";
				ENABLE_NS_ASSERTIONS = NO;
				ENABLE_STRICT_OBJC_MSGSEND = YES;
				GCC_C_LANGUAGE_STANDARD = gnu11;
				GCC_NO_COMMON_BLOCKS = YES;
				GCC_WARN_64_TO_32_BIT_CONVERSION = YES;
				GCC_WARN_ABOUT_RETURN_TYPE = YES_ERROR;
				GCC_WARN_UNDECLARED_SELECTOR = YES;
				GCC_WARN_UNINITIALIZED_AUTOS = YES_AGGRESSIVE;
				GCC_WARN_UNUSED_FUNCTION = YES;
				GCC_WARN_UNUSED_VARIABLE = YES;
				IPHONEOS_DEPLOYMENT_TARGET = 15.5;
				MTL_ENABLE_DEBUG_INFO = NO;
				MTL_FAST_MATH = YES;
				SDKROOT = iphoneos;
				SWIFT_COMPILATION_MODE = wholemodule;
				SWIFT_OPTIMIZATION_LEVEL = "-O";
				VALIDATE_PRODUCT = YES;
			};
			name = Release;
		};
		C329A757289D544F000C3EAE /* Debug */ = {
			isa = XCBuildConfiguration;
			buildSettings = {
				ASSETCATALOG_COMPILER_APPICON_NAME = AppIcon;
				ASSETCATALOG_COMPILER_GLOBAL_ACCENT_COLOR_NAME = AccentColor;
				CODE_SIGN_STYLE = Automatic;
				CURRENT_PROJECT_VERSION = 1;
				DEVELOPMENT_TEAM = K4Z35HXPV3;
				GENERATE_INFOPLIST_FILE = YES;
				INFOPLIST_FILE = Tasarim/Info.plist;
				INFOPLIST_KEY_UIApplicationSupportsIndirectInputEvents = YES;
				INFOPLIST_KEY_UILaunchStoryboardName = LaunchScreen;
				INFOPLIST_KEY_UIMainStoryboardFile = Main;
				INFOPLIST_KEY_UISupportedInterfaceOrientations_iPad = "UIInterfaceOrientationPortrait UIInterfaceOrientationPortraitUpsideDown UIInterfaceOrientationLandscapeLeft UIInterfaceOrientationLandscapeRight";
				INFOPLIST_KEY_UISupportedInterfaceOrientations_iPhone = "UIInterfaceOrientationPortrait UIInterfaceOrientationLandscapeLeft UIInterfaceOrientationLandscapeRight";
				LD_RUNPATH_SEARCH_PATHS = (
					"$(inherited)",
					"@executable_path/Frameworks",
				);
				MARKETING_VERSION = 1.0;
				PRODUCT_BUNDLE_IDENTIFIER = com.bilal.Tasarim;
				PRODUCT_NAME = "$(TARGET_NAME)";
				SWIFT_EMIT_LOC_STRINGS = YES;
				SWIFT_VERSION = 5.0;
				TARGETED_DEVICE_FAMILY = "1,2";
			};
			name = Debug;
		};
		C329A758289D544F000C3EAE /* Release */ = {
			isa = XCBuildConfiguration;
			buildSettings = {
				ASSETCATALOG_COMPILER_APPICON_NAME = AppIcon;
				ASSETCATALOG_COMPILER_GLOBAL_ACCENT_COLOR_NAME = AccentColor;
				CODE_SIGN_STYLE = Automatic;
				CURRENT_PROJECT_VERSION = 1;
				DEVELOPMENT_TEAM = K4Z35HXPV3;
				GENERATE_INFOPLIST_FILE = YES;
				INFOPLIST_FILE = Tasarim/Info.plist;
				INFOPLIST_KEY_UIApplicationSupportsIndirectInputEvents = YES;
				INFOPLIST_KEY_UILaunchStoryboardName = LaunchScreen;
				INFOPLIST_KEY_UIMainStoryboardFile = Main;
				INFOPLIST_KEY_UISupportedInterfaceOrientations_iPad = "UIInterfaceOrientationPortrait UIInterfaceOrientationPortraitUpsideDown UIInterfaceOrientationLandscapeLeft UIInterfaceOrientationLandscapeRight";
				INFOPLIST_KEY_UISupportedInterfaceOrientations_iPhone = "UIInterfaceOrientationPortrait UIInterfaceOrientationLandscapeLeft UIInterfaceOrientationLandscapeRight";
				LD_RUNPATH_SEARCH_PATHS = (
					"$(inherited)",
					"@executable_path/Frameworks",
				);
				MARKETING_VERSION = 1.0;
				PRODUCT_BUNDLE_IDENTIFIER = com.bilal.Tasarim;
				PRODUCT_NAME = "$(TARGET_NAME)";
				SWIFT_EMIT_LOC_STRINGS = YES;
				SWIFT_VERSION = 5.0;
				TARGETED_DEVICE_FAMILY = "1,2";
			};
			name = Release;
		};
/* End XCBuildConfiguration section */

/* Begin XCConfigurationList section */
		C329A73D289D544D000C3EAE /* Build configuration list for PBXProject "Tasarim" */ = {
			isa = XCConfigurationList;
			buildConfigurations = (
				C329A754289D544F000C3EAE /* Debug */,
				C329A755289D544F000C3EAE /* Release */,
			);
			defaultConfigurationIsVisible = 0;
			defaultConfigurationName = Release;
		};
		C329A756289D544F000C3EAE /* Build configuration list for PBXNativeTarget "Tasarim" */ = {
			isa = XCConfigurationList;
			buildConfigurations = (
				C329A757289D544F000C3EAE /* Debug */,
				C329A758289D544F000C3EAE /* Release */,
			);
			defaultConfigurationIsVisible = 0;
			defaultConfigurationName = Release;
		};
/* End XCConfigurationList section */
	};
	rootObject = C329A73A289D544D000C3EAE /* Project object */;
}
